
Microsoft Visual Studio Solution File, Format Version 12.00
# Visual Studio Version 17
VisualStudioVersion = 17.5.33516.290
MinimumVisualStudioVersion = 10.0.40219.1
Project("{9A19103F-16F7-4668-BE54-9A1E7A4F7556}") = "GameStoreWebApp.API", "GameStoreWebApp.API\GameStoreWebApp.API.csproj", "{B5DFE5CB-C3DA-4E54-A7FF-2CBA15E8C751}"
EndProject
Project("{FAE04EC0-301F-11D3-BF4B-00C04F79EFBC}") = "GameStoreWebApp.Data", "GameStoreWebApp.Data\GameStoreWebApp.Data.csproj", "{D0AD2376-0E0D-4F24-BE46-8410EAE0DF57}"
EndProject
Project("{FAE04EC0-301F-11D3-BF4B-00C04F79EFBC}") = "GameStoreWebApp.Domain", "GameStoreWebApp.Domain\GameStoreWebApp.Domain.csproj", "{7FC05027-78F7-4318-83B3-0BC572D8CE18}"
EndProject
Project("{FAE04EC0-301F-11D3-BF4B-00C04F79EFBC}") = "GameStoreWebApp.Service", "GameStoreWebApp.Service\GameStoreWebApp.Service.csproj", "{854854B6-CCC5-4994-9E83-9CE4B5842662}"
EndProject
Global
	GlobalSection(SolutionConfigurationPlatforms) = preSolution
		Debug|Any CPU = Debug|Any CPU
		Release|Any CPU = Release|Any CPU
	EndGlobalSection
	GlobalSection(ProjectConfigurationPlatforms) = postSolution
		{B5DFE5CB-C3DA-4E54-A7FF-2CBA15E8C751}.Debug|Any CPU.ActiveCfg = Debug|Any CPU
		{B5DFE5CB-C3DA-4E54-A7FF-2CBA15E8C751}.Debug|Any CPU.Build.0 = Debug|Any CPU
		{B5DFE5CB-C3DA-4E54-A7FF-2CBA15E8C751}.Release|Any CPU.ActiveCfg = Release|Any CPU
		{B5DFE5CB-C3DA-4E54-A7FF-2CBA15E8C751}.Release|Any CPU.Build.0 = Release|Any CPU
		{D0AD2376-0E0D-4F24-BE46-8410EAE0DF57}.Debug|Any CPU.ActiveCfg = Debug|Any CPU
		{D0AD2376-0E0D-4F24-BE46-8410EAE0DF57}.Debug|Any CPU.Build.0 = Debug|Any CPU
		{D0AD2376-0E0D-4F24-BE46-8410EAE0DF57}.Release|Any CPU.ActiveCfg = Release|Any CPU
		{D0AD2376-0E0D-4F24-BE46-8410EAE0DF57}.Release|Any CPU.Build.0 = Release|Any CPU
		{7FC05027-78F7-4318-83B3-0BC572D8CE18}.Debug|Any CPU.ActiveCfg = Debug|Any CPU
		{7FC05027-78F7-4318-83B3-0BC572D8CE18}.Debug|Any CPU.Build.0 = Debug|Any CPU
		{7FC05027-78F7-4318-83B3-0BC572D8CE18}.Release|Any CPU.ActiveCfg = Release|Any CPU
		{7FC05027-78F7-4318-83B3-0BC572D8CE18}.Release|Any CPU.Build.0 = Release|Any CPU
		{854854B6-CCC5-4994-9E83-9CE4B5842662}.Debug|Any CPU.ActiveCfg = Debug|Any CPU
		{854854B6-CCC5-4994-9E83-9CE4B5842662}.Debug|Any CPU.Build.0 = Debug|Any CPU
		{854854B6-CCC5-4994-9E83-9CE4B5842662}.Release|Any CPU.ActiveCfg = Release|Any CPU
		{854854B6-CCC5-4994-9E83-9CE4B5842662}.Release|Any CPU.Build.0 = Release|Any CPU
	EndGlobalSection
	GlobalSection(SolutionProperties) = preSolution
		HideSolutionNode = FALSE
	EndGlobalSection
	GlobalSection(ExtensibilityGlobals) = postSolution
		SolutionGuid = {7480362F-554E-4DF8-9AE1-AEC8C92AA7F9}
	EndGlobalSection
EndGlobal
